Microsoft Visual Studio Solution File, Format Version 12.00
# Visual Studio 15
Project("{8BC9CEB8-8B4A-11D0-8D11-00A0C91BC942}") = "ALL_BUILD", "ALL_BUILD.vcxproj", "{39A5B7B0-96CF-3496-9E99-29ED2B467AA6}"
	ProjectSection(ProjectDependencies) = postProject
		{87A76B03-B39F-3958-9B74-65D3823AFBD3} = {87A76B03-B39F-3958-9B74-65D3823AFBD3}
		{89A4FC57-349C-31B1-8DC8-1D437F4AAF92} = {89A4FC57-349C-31B1-8DC8-1D437F4AAF92}
		{37DEB6E3-97A2-32D2-9914-0FD6E2AAA6EC} = {37DEB6E3-97A2-32D2-9914-0FD6E2AAA6EC}
		{BCF9C2E4-8633-3C31-8525-94E0035CBCDE} = {BCF9C2E4-8633-3C31-8525-94E0035CBCDE}
		{19E50172-1899-3EAC-8C18-DCEBAF416F02} = {19E50172-1899-3EAC-8C18-DCEBAF416F02}
		{A799EB49-A7BC-3869-8DD4-9635DEF96D2E} = {A799EB49-A7BC-3869-8DD4-9635DEF96D2E}
		{240940BF-739D-3A2A-BB90-2909C60A50A5} = {240940BF-739D-3A2A-BB90-2909C60A50A5}
		{D8688BDB-1A29-3E82-9857-4F78F5A39D82} = {D8688BDB-1A29-3E82-9857-4F78F5A39D82}
		{1EE341FE-2E13-3FFC-9030-2094795DF4FC} = {1EE341FE-2E13-3FFC-9030-2094795DF4FC}
		{9C81016C-9C3A-3FBA-B43B-F28837CE9552} = {9C81016C-9C3A-3FBA-B43B-F28837CE9552}
		{8EE14ACE-DC00-30A8-9F93-BE8D2D1447C5} = {8EE14ACE-DC00-30A8-9F93-BE8D2D1447C5}
		{F0D8A85D-DF8E-32A5-B9A1-B455ECF86397} = {F0D8A85D-DF8E-32A5-B9A1-B455ECF86397}
		{50E684FE-990C-3457-8E7B-09F8215B7CD1} = {50E684FE-990C-3457-8E7B-09F8215B7CD1}
		{5121B575-65AC-3881-B398-2002A28269BA} = {5121B575-65AC-3881-B398-2002A28269BA}
		{DA7F3414-6D95-353C-A598-D79E7A036505} = {DA7F3414-6D95-353C-A598-D79E7A036505}
		{BE37D82D-09D0-34B3-8865-AFA7E57D4948} = {BE37D82D-09D0-34B3-8865-AFA7E57D4948}
		{D4B80734-4D7E-36B2-9564-E1686236BBEA} = {D4B80734-4D7E-36B2-9564-E1686236BBEA}
		{4288FED2-27B6-32B5-8C33-ADADFC7DAEB2} = {4288FED2-27B6-32B5-8C33-ADADFC7DAEB2}
		{B5242071-F3FE-39D7-8D50-0680C53202F6} = {B5242071-F3FE-39D7-8D50-0680C53202F6}
		{B9980E80-4FA2-38F2-BBD5-DE45CAA82F61} = {B9980E80-4FA2-38F2-BBD5-DE45CAA82F61}
		{AAF875D4-D9D1-3553-B0E7-2C735E652433} = {AAF875D4-D9D1-3553-B0E7-2C735E652433}
		{181851CB-A1A3-35E6-AE78-F75F9B07CC2A} = {181851CB-A1A3-35E6-AE78-F75F9B07CC2A}
		{037B75C9-3717-3513-BBED-C1B93893190E} = {037B75C9-3717-3513-BBED-C1B93893190E}
		{6D203F48-1362-3686-B471-C88AA2E75D85} = {6D203F48-1362-3686-B471-C88AA2E75D85}
		{B2AEF13A-A28A-3242-B915-1F3C78E104A4} = {B2AEF13A-A28A-3242-B915-1F3C78E104A4}
		{205C4276-BDB5-3E3E-BCAC-5F167A8C81DB} = {205C4276-BDB5-3E3E-BCAC-5F167A8C81DB}
		{862F6DC2-EF00-3BA1-89B1-8FADA0CFD360} = {862F6DC2-EF00-3BA1-89B1-8FADA0CFD360}
		{7F7DF831-FB43-3620-B028-9C29A8263F7F} = {7F7DF831-FB43-3620-B028-9C29A8263F7F}
		{4AD7060D-2625-3999-ABD9-DA4466BA7134} = {4AD7060D-2625-3999-ABD9-DA4466BA7134}
		{68DC5FE1-A8A1-3067-B42D-661DE8CBEF04} = {68DC5FE1-A8A1-3067-B42D-661DE8CBEF04}
		{B0D3CD04-AEA7-334B-8F9A-3BB4984CA4CF} = {B0D3CD04-AEA7-334B-8F9A-3BB4984CA4CF}
		{0ACDDB39-5371-3ADF-BEE3-B2046C9FF410} = {0ACDDB39-5371-3ADF-BEE3-B2046C9FF410}
		{A64C5966-E4A2-3A6A-A3A3-B26B2064FB4B} = {A64C5966-E4A2-3A6A-A3A3-B26B2064FB4B}
		{67B22B3B-FD46-3E6A-AF61-7E36922F94DC} = {67B22B3B-FD46-3E6A-AF61-7E36922F94DC}
		{E5E5A4F1-4474-3900-8025-6AEAB7E348BD} = {E5E5A4F1-4474-3900-8025-6AEAB7E348BD}
		{D2157AEF-34A7-355C-AE56-2329151526C7} = {D2157AEF-34A7-355C-AE56-2329151526C7}
		{37F7DC57-93F7-37D3-8A23-508DFAB7D25C} = {37F7DC57-93F7-37D3-8A23-508DFAB7D25C}
	EndProjectSection
EndProject
Project("{8BC9CEB8-8B4A-11D0-8D11-00A0C91BC942}") = "AppBasicExampleGui", "examples\BasicDemo\AppBasicExampleGui.vcxproj", "{87A76B03-B39F-3958-9B74-65D3823AFBD3}"
	ProjectSection(ProjectDependencies) = postProject
		{9C81016C-9C3A-3FBA-B43B-F28837CE9552} = {9C81016C-9C3A-3FBA-B43B-F28837CE9552}
		{5121B575-65AC-3881-B398-2002A28269BA} = {5121B575-65AC-3881-B398-2002A28269BA}
		{DA7F3414-6D95-353C-A598-D79E7A036505} = {DA7F3414-6D95-353C-A598-D79E7A036505}
		{862F6DC2-EF00-3BA1-89B1-8FADA0CFD360} = {862F6DC2-EF00-3BA1-89B1-8FADA0CFD360}
		{7F7DF831-FB43-3620-B028-9C29A8263F7F} = {7F7DF831-FB43-3620-B028-9C29A8263F7F}
		{E5E5A4F1-4474-3900-8025-6AEAB7E348BD} = {E5E5A4F1-4474-3900-8025-6AEAB7E348BD}
	EndProjectSection
EndProject
Project("{8BC9CEB8-8B4A-11D0-8D11-00A0C91BC942}") = "App_BasicExample", "examples\BasicDemo\App_BasicExample.vcxproj", "{89A4FC57-349C-31B1-8DC8-1D437F4AAF92}"
	ProjectSection(ProjectDependencies) = postProject
		{5121B575-65AC-3881-B398-2002A28269BA} = {5121B575-65AC-3881-B398-2002A28269BA}
		{DA7F3414-6D95-353C-A598-D79E7A036505} = {DA7F3414-6D95-353C-A598-D79E7A036505}
		{862F6DC2-EF00-3BA1-89B1-8FADA0CFD360} = {862F6DC2-EF00-3BA1-89B1-8FADA0CFD360}
		{E5E5A4F1-4474-3900-8025-6AEAB7E348BD} = {E5E5A4F1-4474-3900-8025-6AEAB7E348BD}
	EndProjectSection
EndProject
Project("{8BC9CEB8-8B4A-11D0-8D11-00A0C91BC942}") = "App_ExampleBrowser", "examples\ExampleBrowser\App_ExampleBrowser.vcxproj", "{37DEB6E3-97A2-32D2-9914-0FD6E2AAA6EC}"
	ProjectSection(ProjectDependencies) = postProject
		{9C81016C-9C3A-3FBA-B43B-F28837CE9552} = {9C81016C-9C3A-3FBA-B43B-F28837CE9552}
		{5121B575-65AC-3881-B398-2002A28269BA} = {5121B575-65AC-3881-B398-2002A28269BA}
		{DA7F3414-6D95-353C-A598-D79E7A036505} = {DA7F3414-6D95-353C-A598-D79E7A036505}
		{BE37D82D-09D0-34B3-8865-AFA7E57D4948} = {BE37D82D-09D0-34B3-8865-AFA7E57D4948}
		{4288FED2-27B6-32B5-8C33-ADADFC7DAEB2} = {4288FED2-27B6-32B5-8C33-ADADFC7DAEB2}
		{B5242071-F3FE-39D7-8D50-0680C53202F6} = {B5242071-F3FE-39D7-8D50-0680C53202F6}
		{B9980E80-4FA2-38F2-BBD5-DE45CAA82F61} = {B9980E80-4FA2-38F2-BBD5-DE45CAA82F61}
		{037B75C9-3717-3513-BBED-C1B93893190E} = {037B75C9-3717-3513-BBED-C1B93893190E}
		{862F6DC2-EF00-3BA1-89B1-8FADA0CFD360} = {862F6DC2-EF00-3BA1-89B1-8FADA0CFD360}
		{7F7DF831-FB43-3620-B028-9C29A8263F7F} = {7F7DF831-FB43-3620-B028-9C29A8263F7F}
		{E5E5A4F1-4474-3900-8025-6AEAB7E348BD} = {E5E5A4F1-4474-3900-8025-6AEAB7E348BD}
		{37F7DC57-93F7-37D3-8A23-508DFAB7D25C} = {37F7DC57-93F7-37D3-8A23-508DFAB7D25C}
	EndProjectSection
EndProject
Project("{8BC9CEB8-8B4A-11D0-8D11-00A0C91BC942}") = "App_HelloWorld", "examples\HelloWorld\App_HelloWorld.vcxproj", "{BCF9C2E4-8633-3C31-8525-94E0035CBCDE}"
	ProjectSection(ProjectDependencies) = postProject
		{5121B575-65AC-3881-B398-2002A28269BA} = {5121B575-65AC-3881-B398-2002A28269BA}
		{DA7F3414-6D95-353C-A598-D79E7A036505} = {DA7F3414-6D95-353C-A598-D79E7A036505}
		{862F6DC2-EF00-3BA1-89B1-8FADA0CFD360} = {862F6DC2-EF00-3BA1-89B1-8FADA0CFD360}
		{E5E5A4F1-4474-3900-8025-6AEAB7E348BD} = {E5E5A4F1-4474-3900-8025-6AEAB7E348BD}
	EndProjectSection
EndProject
Project("{8BC9CEB8-8B4A-11D0-8D11-00A0C91BC942}") = "App_SharedMemoryPhysics", "examples\SharedMemory\App_SharedMemoryPhysics.vcxproj", "{19E50172-1899-3EAC-8C18-DCEBAF416F02}"
	ProjectSection(ProjectDependencies) = postProject
		{9C81016C-9C3A-3FBA-B43B-F28837CE9552} = {9C81016C-9C3A-3FBA-B43B-F28837CE9552}
		{5121B575-65AC-3881-B398-2002A28269BA} = {5121B575-65AC-3881-B398-2002A28269BA}
		{DA7F3414-6D95-353C-A598-D79E7A036505} = {DA7F3414-6D95-353C-A598-D79E7A036505}
		{D4B80734-4D7E-36B2-9564-E1686236BBEA} = {D4B80734-4D7E-36B2-9564-E1686236BBEA}
		{4288FED2-27B6-32B5-8C33-ADADFC7DAEB2} = {4288FED2-27B6-32B5-8C33-ADADFC7DAEB2}
		{B5242071-F3FE-39D7-8D50-0680C53202F6} = {B5242071-F3FE-39D7-8D50-0680C53202F6}
		{AAF875D4-D9D1-3553-B0E7-2C735E652433} = {AAF875D4-D9D1-3553-B0E7-2C735E652433}
		{037B75C9-3717-3513-BBED-C1B93893190E} = {037B75C9-3717-3513-BBED-C1B93893190E}
		{862F6DC2-EF00-3BA1-89B1-8FADA0CFD360} = {862F6DC2-EF00-3BA1-89B1-8FADA0CFD360}
		{E5E5A4F1-4474-3900-8025-6AEAB7E348BD} = {E5E5A4F1-4474-3900-8025-6AEAB7E348BD}
	EndProjectSection
EndProject
Project("{8BC9CEB8-8B4A-11D0-8D11-00A0C91BC942}") = "App_SharedMemoryPhysics_GUI", "examples\SharedMemory\App_SharedMemoryPhysics_GUI.vcxproj", "{A799EB49-A7BC-3869-8DD4-9635DEF96D2E}"
	ProjectSection(ProjectDependencies) = postProject
		{9C81016C-9C3A-3FBA-B43B-F28837CE9552} = {9C81016C-9C3A-3FBA-B43B-F28837CE9552}
		{5121B575-65AC-3881-B398-2002A28269BA} = {5121B575-65AC-3881-B398-2002A28269BA}
		{DA7F3414-6D95-353C-A598-D79E7A036505} = {DA7F3414-6D95-353C-A598-D79E7A036505}
		{D4B80734-4D7E-36B2-9564-E1686236BBEA} = {D4B80734-4D7E-36B2-9564-E1686236BBEA}
		{4288FED2-27B6-32B5-8C33-ADADFC7DAEB2} = {4288FED2-27B6-32B5-8C33-ADADFC7DAEB2}
		{B5242071-F3FE-39D7-8D50-0680C53202F6} = {B5242071-F3FE-39D7-8D50-0680C53202F6}
		{AAF875D4-D9D1-3553-B0E7-2C735E652433} = {AAF875D4-D9D1-3553-B0E7-2C735E652433}
		{037B75C9-3717-3513-BBED-C1B93893190E} = {037B75C9-3717-3513-BBED-C1B93893190E}
		{862F6DC2-EF00-3BA1-89B1-8FADA0CFD360} = {862F6DC2-EF00-3BA1-89B1-8FADA0CFD360}
		{7F7DF831-FB43-3620-B028-9C29A8263F7F} = {7F7DF831-FB43-3620-B028-9C29A8263F7F}
		{E5E5A4F1-4474-3900-8025-6AEAB7E348BD} = {E5E5A4F1-4474-3900-8025-6AEAB7E348BD}
	EndProjectSection
EndProject
Project("{8BC9CEB8-8B4A-11D0-8D11-00A0C91BC942}") = "App_SharedMemoryPhysics_VR", "examples\SharedMemory\App_SharedMemoryPhysics_VR.vcxproj", "{240940BF-739D-3A2A-BB90-2909C60A50A5}"
	ProjectSection(ProjectDependencies) = postProject
		{9C81016C-9C3A-3FBA-B43B-F28837CE9552} = {9C81016C-9C3A-3FBA-B43B-F28837CE9552}
		{5121B575-65AC-3881-B398-2002A28269BA} = {5121B575-65AC-3881-B398-2002A28269BA}
		{DA7F3414-6D95-353C-A598-D79E7A036505} = {DA7F3414-6D95-353C-A598-D79E7A036505}
		{D4B80734-4D7E-36B2-9564-E1686236BBEA} = {D4B80734-4D7E-36B2-9564-E1686236BBEA}
		{4288FED2-27B6-32B5-8C33-ADADFC7DAEB2} = {4288FED2-27B6-32B5-8C33-ADADFC7DAEB2}
		{B5242071-F3FE-39D7-8D50-0680C53202F6} = {B5242071-F3FE-39D7-8D50-0680C53202F6}
		{AAF875D4-D9D1-3553-B0E7-2C735E652433} = {AAF875D4-D9D1-3553-B0E7-2C735E652433}
		{037B75C9-3717-3513-BBED-C1B93893190E} = {037B75C9-3717-3513-BBED-C1B93893190E}
		{862F6DC2-EF00-3BA1-89B1-8FADA0CFD360} = {862F6DC2-EF00-3BA1-89B1-8FADA0CFD360}
		{7F7DF831-FB43-3620-B028-9C29A8263F7F} = {7F7DF831-FB43-3620-B028-9C29A8263F7F}
		{E5E5A4F1-4474-3900-8025-6AEAB7E348BD} = {E5E5A4F1-4474-3900-8025-6AEAB7E348BD}
	EndProjectSection
EndProject
Project("{8BC9CEB8-8B4A-11D0-8D11-00A0C91BC942}") = "Bullet2FileLoader", "src\Bullet3Serialize\Bullet2FileLoader\Bullet2FileLoader.vcxproj", "{D8688BDB-1A29-3E82-9857-4F78F5A39D82}"
	ProjectSection(ProjectDependencies) = postProject
		{E5E5A4F1-4474-3900-8025-6AEAB7E348BD} = {E5E5A4F1-4474-3900-8025-6AEAB7E348BD}
	EndProjectSection
EndProject
Project("{8BC9CEB8-8B4A-11D0-8D11-00A0C91BC942}") = "Bullet3Collision", "src\Bullet3Collision\Bullet3Collision.vcxproj", "{1EE341FE-2E13-3FFC-9030-2094795DF4FC}"
	ProjectSection(ProjectDependencies) = postProject
		{E5E5A4F1-4474-3900-8025-6AEAB7E348BD} = {E5E5A4F1-4474-3900-8025-6AEAB7E348BD}
	EndProjectSection
EndProject
Project("{8BC9CEB8-8B4A-11D0-8D11-00A0C91BC942}") = "Bullet3Common", "src\Bullet3Common\Bullet3Common.vcxproj", "{9C81016C-9C3A-3FBA-B43B-F28837CE9552}"
	ProjectSection(ProjectDependencies) = postProject
		{E5E5A4F1-4474-3900-8025-6AEAB7E348BD} = {E5E5A4F1-4474-3900-8025-6AEAB7E348BD}
	EndProjectSection
EndProject
Project("{8BC9CEB8-8B4A-11D0-8D11-00A0C91BC942}") = "Bullet3Dynamics", "src\Bullet3Dynamics\Bullet3Dynamics.vcxproj", "{8EE14ACE-DC00-30A8-9F93-BE8D2D1447C5}"
	ProjectSection(ProjectDependencies) = postProject
		{E5E5A4F1-4474-3900-8025-6AEAB7E348BD} = {E5E5A4F1-4474-3900-8025-6AEAB7E348BD}
	EndProjectSection
EndProject
Project("{8BC9CEB8-8B4A-11D0-8D11-00A0C91BC942}") = "Bullet3Geometry", "src\Bullet3Geometry\Bullet3Geometry.vcxproj", "{F0D8A85D-DF8E-32A5-B9A1-B455ECF86397}"
	ProjectSection(ProjectDependencies) = postProject
		{E5E5A4F1-4474-3900-8025-6AEAB7E348BD} = {E5E5A4F1-4474-3900-8025-6AEAB7E348BD}
	EndProjectSection
EndProject
Project("{8BC9CEB8-8B4A-11D0-8D11-00A0C91BC942}") = "Bullet3OpenCL_clew", "src\Bullet3OpenCL\Bullet3OpenCL_clew.vcxproj", "{50E684FE-990C-3457-8E7B-09F8215B7CD1}"
	ProjectSection(ProjectDependencies) = postProject
		{E5E5A4F1-4474-3900-8025-6AEAB7E348BD} = {E5E5A4F1-4474-3900-8025-6AEAB7E348BD}
	EndProjectSection
EndProject
Project("{8BC9CEB8-8B4A-11D0-8D11-00A0C91BC942}") = "BulletCollision", "src\BulletCollision\BulletCollision.vcxproj", "{5121B575-65AC-3881-B398-2002A28269BA}"
	ProjectSection(ProjectDependencies) = postProject
		{E5E5A4F1-4474-3900-8025-6AEAB7E348BD} = {E5E5A4F1-4474-3900-8025-6AEAB7E348BD}
	EndProjectSection
EndProject
Project("{8BC9CEB8-8B4A-11D0-8D11-00A0C91BC942}") = "BulletDynamics", "src\BulletDynamics\BulletDynamics.vcxproj", "{DA7F3414-6D95-353C-A598-D79E7A036505}"
	ProjectSection(ProjectDependencies) = postProject
		{E5E5A4F1-4474-3900-8025-6AEAB7E348BD} = {E5E5A4F1-4474-3900-8025-6AEAB7E348BD}
	EndProjectSection
EndProject
Project("{8BC9CEB8-8B4A-11D0-8D11-00A0C91BC942}") = "BulletExampleBrowserLib", "examples\ExampleBrowser\BulletExampleBrowserLib.vcxproj", "{BE37D82D-09D0-34B3-8865-AFA7E57D4948}"
	ProjectSection(ProjectDependencies) = postProject
		{E5E5A4F1-4474-3900-8025-6AEAB7E348BD} = {E5E5A4F1-4474-3900-8025-6AEAB7E348BD}
	EndProjectSection
EndProject
Project("{8BC9CEB8-8B4A-11D0-8D11-00A0C91BC942}") = "BulletFileLoader", "Extras\Serialize\BulletFileLoader\BulletFileLoader.vcxproj", "{D4B80734-4D7E-36B2-9564-E1686236BBEA}"
	ProjectSection(ProjectDependencies) = postProject
		{E5E5A4F1-4474-3900-8025-6AEAB7E348BD} = {E5E5A4F1-4474-3900-8025-6AEAB7E348BD}
	EndProjectSection
EndProject
Project("{8BC9CEB8-8B4A-11D0-8D11-00A0C91BC942}") = "BulletInverseDynamics", "src\BulletInverseDynamics\BulletInverseDynamics.vcxproj", "{4288FED2-27B6-32B5-8C33-ADADFC7DAEB2}"
	ProjectSection(ProjectDependencies) = postProject
		{E5E5A4F1-4474-3900-8025-6AEAB7E348BD} = {E5E5A4F1-4474-3900-8025-6AEAB7E348BD}
	EndProjectSection
EndProject
Project("{8BC9CEB8-8B4A-11D0-8D11-00A0C91BC942}") = "BulletInverseDynamicsUtils", "Extras\InverseDynamics\BulletInverseDynamicsUtils.vcxproj", "{B5242071-F3FE-39D7-8D50-0680C53202F6}"
	ProjectSection(ProjectDependencies) = postProject
		{E5E5A4F1-4474-3900-8025-6AEAB7E348BD} = {E5E5A4F1-4474-3900-8025-6AEAB7E348BD}
	EndProjectSection
EndProject
Project("{8BC9CEB8-8B4A-11D0-8D11-00A0C91BC942}") = "BulletSoftBody", "src\BulletSoftBody\BulletSoftBody.vcxproj", "{B9980E80-4FA2-38F2-BBD5-DE45CAA82F61}"
	ProjectSection(ProjectDependencies) = postProject
		{E5E5A4F1-4474-3900-8025-6AEAB7E348BD} = {E5E5A4F1-4474-3900-8025-6AEAB7E348BD}
	EndProjectSection
EndProject
Project("{8BC9CEB8-8B4A-11D0-8D11-00A0C91BC942}") = "BulletWorldImporter", "Extras\Serialize\BulletWorldImporter\BulletWorldImporter.vcxproj", "{AAF875D4-D9D1-3553-B0E7-2C735E652433}"
	ProjectSection(ProjectDependencies) = postProject
		{E5E5A4F1-4474-3900-8025-6AEAB7E348BD} = {E5E5A4F1-4474-3900-8025-6AEAB7E348BD}
	EndProjectSection
EndProject
Project("{8BC9CEB8-8B4A-11D0-8D11-00A0C91BC942}") = "BulletXmlWorldImporter", "Extras\Serialize\BulletXmlWorldImporter\BulletXmlWorldImporter.vcxproj", "{181851CB-A1A3-35E6-AE78-F75F9B07CC2A}"
	ProjectSection(ProjectDependencies) = postProject
		{E5E5A4F1-4474-3900-8025-6AEAB7E348BD} = {E5E5A4F1-4474-3900-8025-6AEAB7E348BD}
	EndProjectSection
EndProject
Project("{8BC9CEB8-8B4A-11D0-8D11-00A0C91BC942}") = "BussIK", "examples\ThirdPartyLibs\BussIK\BussIK.vcxproj", "{037B75C9-3717-3513-BBED-C1B93893190E}"
	ProjectSection(ProjectDependencies) = postProject
		{E5E5A4F1-4474-3900-8025-6AEAB7E348BD} = {E5E5A4F1-4474-3900-8025-6AEAB7E348BD}
	EndProjectSection
EndProject
Project("{8BC9CEB8-8B4A-11D0-8D11-00A0C91BC942}") = "ConvexDecomposition", "Extras\ConvexDecomposition\ConvexDecomposition.vcxproj", "{6D203F48-1362-3686-B471-C88AA2E75D85}"
	ProjectSection(ProjectDependencies) = postProject
		{E5E5A4F1-4474-3900-8025-6AEAB7E348BD} = {E5E5A4F1-4474-3900-8025-6AEAB7E348BD}
	EndProjectSection
EndProject
Project("{8BC9CEB8-8B4A-11D0-8D11-00A0C91BC942}") = "GIMPACTUtils", "Extras\GIMPACTUtils\GIMPACTUtils.vcxproj", "{B2AEF13A-A28A-3242-B915-1F3C78E104A4}"
	ProjectSection(ProjectDependencies) = postProject
		{E5E5A4F1-4474-3900-8025-6AEAB7E348BD} = {E5E5A4F1-4474-3900-8025-6AEAB7E348BD}
	EndProjectSection
EndProject
Project("{8BC9CEB8-8B4A-11D0-8D11-00A0C91BC942}") = "HACD", "Extras\HACD\HACD.vcxproj", "{205C4276-BDB5-3E3E-BCAC-5F167A8C81DB}"
	ProjectSection(ProjectDependencies) = postProject
		{E5E5A4F1-4474-3900-8025-6AEAB7E348BD} = {E5E5A4F1-4474-3900-8025-6AEAB7E348BD}
	EndProjectSection
EndProject
Project("{8BC9CEB8-8B4A-11D0-8D11-00A0C91BC942}") = "INSTALL", "INSTALL.vcxproj", "{23385CD7-7F54-3002-BA84-B95E5D7160B3}"
	ProjectSection(ProjectDependencies) = postProject
		{39A5B7B0-96CF-3496-9E99-29ED2B467AA6} = {39A5B7B0-96CF-3496-9E99-29ED2B467AA6}
		{E5E5A4F1-4474-3900-8025-6AEAB7E348BD} = {E5E5A4F1-4474-3900-8025-6AEAB7E348BD}
	EndProjectSection
EndProject
Project("{8BC9CEB8-8B4A-11D0-8D11-00A0C91BC942}") = "LinearMath", "src\LinearMath\LinearMath.vcxproj", "{862F6DC2-EF00-3BA1-89B1-8FADA0CFD360}"
	ProjectSection(ProjectDependencies) = postProject
		{E5E5A4F1-4474-3900-8025-6AEAB7E348BD} = {E5E5A4F1-4474-3900-8025-6AEAB7E348BD}
	EndProjectSection
EndProject
Project("{8BC9CEB8-8B4A-11D0-8D11-00A0C91BC942}") = "OpenGLWindow", "examples\OpenGLWindow\OpenGLWindow.vcxproj", "{7F7DF831-FB43-3620-B028-9C29A8263F7F}"
	ProjectSection(ProjectDependencies) = postProject
		{E5E5A4F1-4474-3900-8025-6AEAB7E348BD} = {E5E5A4F1-4474-3900-8025-6AEAB7E348BD}
	EndProjectSection
EndProject
Project("{8BC9CEB8-8B4A-11D0-8D11-00A0C91BC942}") = "RUN_TESTS", "RUN_TESTS.vcxproj", "{84A73225-C40A-3D97-812B-2A0D51911564}"
	ProjectSection(ProjectDependencies) = postProject
		{E5E5A4F1-4474-3900-8025-6AEAB7E348BD} = {E5E5A4F1-4474-3900-8025-6AEAB7E348BD}
	EndProjectSection
EndProject
Project("{8BC9CEB8-8B4A-11D0-8D11-00A0C91BC942}") = "Test_BulletDynamics", "test\BulletDynamics\pendulum\Test_BulletDynamics.vcxproj", "{4AD7060D-2625-3999-ABD9-DA4466BA7134}"
	ProjectSection(ProjectDependencies) = postProject
		{5121B575-65AC-3881-B398-2002A28269BA} = {5121B575-65AC-3881-B398-2002A28269BA}
		{DA7F3414-6D95-353C-A598-D79E7A036505} = {DA7F3414-6D95-353C-A598-D79E7A036505}
		{862F6DC2-EF00-3BA1-89B1-8FADA0CFD360} = {862F6DC2-EF00-3BA1-89B1-8FADA0CFD360}
		{E5E5A4F1-4474-3900-8025-6AEAB7E348BD} = {E5E5A4F1-4474-3900-8025-6AEAB7E348BD}
		{D2157AEF-34A7-355C-AE56-2329151526C7} = {D2157AEF-34A7-355C-AE56-2329151526C7}
	EndProjectSection
EndProject
Project("{8BC9CEB8-8B4A-11D0-8D11-00A0C91BC942}") = "Test_BulletInverseDynamics", "test\InverseDynamics\Test_BulletInverseDynamics.vcxproj", "{68DC5FE1-A8A1-3067-B42D-661DE8CBEF04}"
	ProjectSection(ProjectDependencies) = postProject
		{9C81016C-9C3A-3FBA-B43B-F28837CE9552} = {9C81016C-9C3A-3FBA-B43B-F28837CE9552}
		{5121B575-65AC-3881-B398-2002A28269BA} = {5121B575-65AC-3881-B398-2002A28269BA}
		{DA7F3414-6D95-353C-A598-D79E7A036505} = {DA7F3414-6D95-353C-A598-D79E7A036505}
		{4288FED2-27B6-32B5-8C33-ADADFC7DAEB2} = {4288FED2-27B6-32B5-8C33-ADADFC7DAEB2}
		{B5242071-F3FE-39D7-8D50-0680C53202F6} = {B5242071-F3FE-39D7-8D50-0680C53202F6}
		{862F6DC2-EF00-3BA1-89B1-8FADA0CFD360} = {862F6DC2-EF00-3BA1-89B1-8FADA0CFD360}
		{E5E5A4F1-4474-3900-8025-6AEAB7E348BD} = {E5E5A4F1-4474-3900-8025-6AEAB7E348BD}
		{D2157AEF-34A7-355C-AE56-2329151526C7} = {D2157AEF-34A7-355C-AE56-2329151526C7}
	EndProjectSection
EndProject
Project("{8BC9CEB8-8B4A-11D0-8D11-00A0C91BC942}") = "Test_BulletInverseDynamicsJacobian", "test\InverseDynamics\Test_BulletInverseDynamicsJacobian.vcxproj", "{B0D3CD04-AEA7-334B-8F9A-3BB4984CA4CF}"
	ProjectSection(ProjectDependencies) = postProject
		{9C81016C-9C3A-3FBA-B43B-F28837CE9552} = {9C81016C-9C3A-3FBA-B43B-F28837CE9552}
		{4288FED2-27B6-32B5-8C33-ADADFC7DAEB2} = {4288FED2-27B6-32B5-8C33-ADADFC7DAEB2}
		{B5242071-F3FE-39D7-8D50-0680C53202F6} = {B5242071-F3FE-39D7-8D50-0680C53202F6}
		{862F6DC2-EF00-3BA1-89B1-8FADA0CFD360} = {862F6DC2-EF00-3BA1-89B1-8FADA0CFD360}
		{E5E5A4F1-4474-3900-8025-6AEAB7E348BD} = {E5E5A4F1-4474-3900-8025-6AEAB7E348BD}
		{D2157AEF-34A7-355C-AE56-2329151526C7} = {D2157AEF-34A7-355C-AE56-2329151526C7}
	EndProjectSection
EndProject
Project("{8BC9CEB8-8B4A-11D0-8D11-00A0C91BC942}") = "Test_BulletInverseForwardDynamics", "test\InverseDynamics\Test_BulletInverseForwardDynamics.vcxproj", "{0ACDDB39-5371-3ADF-BEE3-B2046C9FF410}"
	ProjectSection(ProjectDependencies) = postProject
		{9C81016C-9C3A-3FBA-B43B-F28837CE9552} = {9C81016C-9C3A-3FBA-B43B-F28837CE9552}
		{5121B575-65AC-3881-B398-2002A28269BA} = {5121B575-65AC-3881-B398-2002A28269BA}
		{DA7F3414-6D95-353C-A598-D79E7A036505} = {DA7F3414-6D95-353C-A598-D79E7A036505}
		{4288FED2-27B6-32B5-8C33-ADADFC7DAEB2} = {4288FED2-27B6-32B5-8C33-ADADFC7DAEB2}
		{B5242071-F3FE-39D7-8D50-0680C53202F6} = {B5242071-F3FE-39D7-8D50-0680C53202F6}
		{862F6DC2-EF00-3BA1-89B1-8FADA0CFD360} = {862F6DC2-EF00-3BA1-89B1-8FADA0CFD360}
		{E5E5A4F1-4474-3900-8025-6AEAB7E348BD} = {E5E5A4F1-4474-3900-8025-6AEAB7E348BD}
		{D2157AEF-34A7-355C-AE56-2329151526C7} = {D2157AEF-34A7-355C-AE56-2329151526C7}
	EndProjectSection
EndProject
Project("{8BC9CEB8-8B4A-11D0-8D11-00A0C91BC942}") = "Test_Collision", "test\collision\Test_Collision.vcxproj", "{A64C5966-E4A2-3A6A-A3A3-B26B2064FB4B}"
	ProjectSection(ProjectDependencies) = postProject
		{862F6DC2-EF00-3BA1-89B1-8FADA0CFD360} = {862F6DC2-EF00-3BA1-89B1-8FADA0CFD360}
		{E5E5A4F1-4474-3900-8025-6AEAB7E348BD} = {E5E5A4F1-4474-3900-8025-6AEAB7E348BD}
		{D2157AEF-34A7-355C-AE56-2329151526C7} = {D2157AEF-34A7-355C-AE56-2329151526C7}
	EndProjectSection
EndProject
Project("{8BC9CEB8-8B4A-11D0-8D11-00A0C91BC942}") = "Test_PhysicsClientServer", "test\SharedMemory\Test_PhysicsClientServer.vcxproj", "{67B22B3B-FD46-3E6A-AF61-7E36922F94DC}"
	ProjectSection(ProjectDependencies) = postProject
		{9C81016C-9C3A-3FBA-B43B-F28837CE9552} = {9C81016C-9C3A-3FBA-B43B-F28837CE9552}
		{5121B575-65AC-3881-B398-2002A28269BA} = {5121B575-65AC-3881-B398-2002A28269BA}
		{DA7F3414-6D95-353C-A598-D79E7A036505} = {DA7F3414-6D95-353C-A598-D79E7A036505}
		{D4B80734-4D7E-36B2-9564-E1686236BBEA} = {D4B80734-4D7E-36B2-9564-E1686236BBEA}
		{4288FED2-27B6-32B5-8C33-ADADFC7DAEB2} = {4288FED2-27B6-32B5-8C33-ADADFC7DAEB2}
		{B5242071-F3FE-39D7-8D50-0680C53202F6} = {B5242071-F3FE-39D7-8D50-0680C53202F6}
		{AAF875D4-D9D1-3553-B0E7-2C735E652433} = {AAF875D4-D9D1-3553-B0E7-2C735E652433}
		{037B75C9-3717-3513-BBED-C1B93893190E} = {037B75C9-3717-3513-BBED-C1B93893190E}
		{862F6DC2-EF00-3BA1-89B1-8FADA0CFD360} = {862F6DC2-EF00-3BA1-89B1-8FADA0CFD360}
		{E5E5A4F1-4474-3900-8025-6AEAB7E348BD} = {E5E5A4F1-4474-3900-8025-6AEAB7E348BD}
		{D2157AEF-34A7-355C-AE56-2329151526C7} = {D2157AEF-34A7-355C-AE56-2329151526C7}
	EndProjectSection
EndProject
Project("{8BC9CEB8-8B4A-11D0-8D11-00A0C91BC942}") = "ZERO_CHECK", "ZERO_CHECK.vcxproj", "{E5E5A4F1-4474-3900-8025-6AEAB7E348BD}"
	ProjectSection(ProjectDependencies) = postProject
	EndProjectSection
EndProject
Project("{8BC9CEB8-8B4A-11D0-8D11-00A0C91BC942}") = "gtest", "test\gtest-1.7.0\gtest.vcxproj", "{D2157AEF-34A7-355C-AE56-2329151526C7}"
	ProjectSection(ProjectDependencies) = postProject
		{E5E5A4F1-4474-3900-8025-6AEAB7E348BD} = {E5E5A4F1-4474-3900-8025-6AEAB7E348BD}
	EndProjectSection
EndProject
Project("{8BC9CEB8-8B4A-11D0-8D11-00A0C91BC942}") = "gwen", "examples\ThirdPartyLibs\Gwen\gwen.vcxproj", "{37F7DC57-93F7-37D3-8A23-508DFAB7D25C}"
	ProjectSection(ProjectDependencies) = postProject
		{E5E5A4F1-4474-3900-8025-6AEAB7E348BD} = {E5E5A4F1-4474-3900-8025-6AEAB7E348BD}
	EndProjectSection
EndProject
Global
	GlobalSection(SolutionConfigurationPlatforms) = preSolution
		Debug|Win32 = Debug|Win32
		Release|Win32 = Release|Win32
		MinSizeRel|Win32 = MinSizeRel|Win32
		RelWithDebInfo|Win32 = RelWithDebInfo|Win32
	EndGlobalSection
	GlobalSection(ProjectConfigurationPlatforms) = postSolution
		{39A5B7B0-96CF-3496-9E99-29ED2B467AA6}.Debug|Win32.ActiveCfg = Debug|Win32
		{39A5B7B0-96CF-3496-9E99-29ED2B467AA6}.Debug|Win32.Build.0 = Debug|Win32
		{39A5B7B0-96CF-3496-9E99-29ED2B467AA6}.Release|Win32.ActiveCfg = Release|Win32
		{39A5B7B0-96CF-3496-9E99-29ED2B467AA6}.Release|Win32.Build.0 = Release|Win32
		{39A5B7B0-96CF-3496-9E99-29ED2B467AA6}.MinSizeRel|Win32.ActiveCfg = MinSizeRel|Win32
		{39A5B7B0-96CF-3496-9E99-29ED2B467AA6}.MinSizeRel|Win32.Build.0 = MinSizeRel|Win32
		{39A5B7B0-96CF-3496-9E99-29ED2B467AA6}.RelWithDebInfo|Win32.ActiveCfg = RelWithDebInfo|Win32
		{39A5B7B0-96CF-3496-9E99-29ED2B467AA6}.RelWithDebInfo|Win32.Build.0 = RelWithDebInfo|Win32
		{87A76B03-B39F-3958-9B74-65D3823AFBD3}.Debug|Win32.ActiveCfg = Debug|Win32
		{87A76B03-B39F-3958-9B74-65D3823AFBD3}.Debug|Win32.Build.0 = Debug|Win32
		{87A76B03-B39F-3958-9B74-65D3823AFBD3}.Release|Win32.ActiveCfg = Release|Win32
		{87A76B03-B39F-3958-9B74-65D3823AFBD3}.Release|Win32.Build.0 = Release|Win32
		{87A76B03-B39F-3958-9B74-65D3823AFBD3}.MinSizeRel|Win32.ActiveCfg = MinSizeRel|Win32
		{87A76B03-B39F-3958-9B74-65D3823AFBD3}.MinSizeRel|Win32.Build.0 = MinSizeRel|Win32
		{87A76B03-B39F-3958-9B74-65D3823AFBD3}.RelWithDebInfo|Win32.ActiveCfg = RelWithDebInfo|Win32
		{87A76B03-B39F-3958-9B74-65D3823AFBD3}.RelWithDebInfo|Win32.Build.0 = RelWithDebInfo|Win32
		{89A4FC57-349C-31B1-8DC8-1D437F4AAF92}.Debug|Win32.ActiveCfg = Debug|Win32
		{89A4FC57-349C-31B1-8DC8-1D437F4AAF92}.Debug|Win32.Build.0 = Debug|Win32
		{89A4FC57-349C-31B1-8DC8-1D437F4AAF92}.Release|Win32.ActiveCfg = Release|Win32
		{89A4FC57-349C-31B1-8DC8-1D437F4AAF92}.Release|Win32.Build.0 = Release|Win32
		{89A4FC57-349C-31B1-8DC8-1D437F4AAF92}.MinSizeRel|Win32.ActiveCfg = MinSizeRel|Win32
		{89A4FC57-349C-31B1-8DC8-1D437F4AAF92}.MinSizeRel|Win32.Build.0 = MinSizeRel|Win32
		{89A4FC57-349C-31B1-8DC8-1D437F4AAF92}.RelWithDebInfo|Win32.ActiveCfg = RelWithDebInfo|Win32
		{89A4FC57-349C-31B1-8DC8-1D437F4AAF92}.RelWithDebInfo|Win32.Build.0 = RelWithDebInfo|Win32
		{37DEB6E3-97A2-32D2-9914-0FD6E2AAA6EC}.Debug|Win32.ActiveCfg = Debug|Win32
		{37DEB6E3-97A2-32D2-9914-0FD6E2AAA6EC}.Debug|Win32.Build.0 = Debug|Win32
		{37DEB6E3-97A2-32D2-9914-0FD6E2AAA6EC}.Release|Win32.ActiveCfg = Release|Win32
		{37DEB6E3-97A2-32D2-9914-0FD6E2AAA6EC}.Release|Win32.Build.0 = Release|Win32
		{37DEB6E3-97A2-32D2-9914-0FD6E2AAA6EC}.MinSizeRel|Win32.ActiveCfg = MinSizeRel|Win32
		{37DEB6E3-97A2-32D2-9914-0FD6E2AAA6EC}.MinSizeRel|Win32.Build.0 = MinSizeRel|Win32
		{37DEB6E3-97A2-32D2-9914-0FD6E2AAA6EC}.RelWithDebInfo|Win32.ActiveCfg = RelWithDebInfo|Win32
		{37DEB6E3-97A2-32D2-9914-0FD6E2AAA6EC}.RelWithDebInfo|Win32.Build.0 = RelWithDebInfo|Win32
		{BCF9C2E4-8633-3C31-8525-94E0035CBCDE}.Debug|Win32.ActiveCfg = Debug|Win32
		{BCF9C2E4-8633-3C31-8525-94E0035CBCDE}.Debug|Win32.Build.0 = Debug|Win32
		{BCF9C2E4-8633-3C31-8525-94E0035CBCDE}.Release|Win32.ActiveCfg = Release|Win32
		{BCF9C2E4-8633-3C31-8525-94E0035CBCDE}.Release|Win32.Build.0 = Release|Win32
		{BCF9C2E4-8633-3C31-8525-94E0035CBCDE}.MinSizeRel|Win32.ActiveCfg = MinSizeRel|Win32
		{BCF9C2E4-8633-3C31-8525-94E0035CBCDE}.MinSizeRel|Win32.Build.0 = MinSizeRel|Win32
		{BCF9C2E4-8633-3C31-8525-94E0035CBCDE}.RelWithDebInfo|Win32.ActiveCfg = RelWithDebInfo|Win32
		{BCF9C2E4-8633-3C31-8525-94E0035CBCDE}.RelWithDebInfo|Win32.Build.0 = RelWithDebInfo|Win32
		{19E50172-1899-3EAC-8C18-DCEBAF416F02}.Debug|Win32.ActiveCfg = Debug|Win32
		{19E50172-1899-3EAC-8C18-DCEBAF416F02}.Debug|Win32.Build.0 = Debug|Win32
		{19E50172-1899-3EAC-8C18-DCEBAF416F02}.Release|Win32.ActiveCfg = Release|Win32
		{19E50172-1899-3EAC-8C18-DCEBAF416F02}.Release|Win32.Build.0 = Release|Win32
		{19E50172-1899-3EAC-8C18-DCEBAF416F02}.MinSizeRel|Win32.ActiveCfg = MinSizeRel|Win32
		{19E50172-1899-3EAC-8C18-DCEBAF416F02}.MinSizeRel|Win32.Build.0 = MinSizeRel|Win32
		{19E50172-1899-3EAC-8C18-DCEBAF416F02}.RelWithDebInfo|Win32.ActiveCfg = RelWithDebInfo|Win32
		{19E50172-1899-3EAC-8C18-DCEBAF416F02}.RelWithDebInfo|Win32.Build.0 = RelWithDebInfo|Win32
		{A799EB49-A7BC-3869-8DD4-9635DEF96D2E}.Debug|Win32.ActiveCfg = Debug|Win32
		{A799EB49-A7BC-3869-8DD4-9635DEF96D2E}.Debug|Win32.Build.0 = Debug|Win32
		{A799EB49-A7BC-3869-8DD4-9635DEF96D2E}.Release|Win32.ActiveCfg = Release|Win32
		{A799EB49-A7BC-3869-8DD4-9635DEF96D2E}.Release|Win32.Build.0 = Release|Win32
		{A799EB49-A7BC-3869-8DD4-9635DEF96D2E}.MinSizeRel|Win32.ActiveCfg = MinSizeRel|Win32
		{A799EB49-A7BC-3869-8DD4-9635DEF96D2E}.MinSizeRel|Win32.Build.0 = MinSizeRel|Win32
		{A799EB49-A7BC-3869-8DD4-9635DEF96D2E}.RelWithDebInfo|Win32.ActiveCfg = RelWithDebInfo|Win32
		{A799EB49-A7BC-3869-8DD4-9635DEF96D2E}.RelWithDebInfo|Win32.Build.0 = RelWithDebInfo|Win32
		{240940BF-739D-3A2A-BB90-2909C60A50A5}.Debug|Win32.ActiveCfg = Debug|Win32
		{240940BF-739D-3A2A-BB90-2909C60A50A5}.Debug|Win32.Build.0 = Debug|Win32
		{240940BF-739D-3A2A-BB90-2909C60A50A5}.Release|Win32.ActiveCfg = Release|Win32
		{240940BF-739D-3A2A-BB90-2909C60A50A5}.Release|Win32.Build.0 = Release|Win32
		{240940BF-739D-3A2A-BB90-2909C60A50A5}.MinSizeRel|Win32.ActiveCfg = MinSizeRel|Win32
		{240940BF-739D-3A2A-BB90-2909C60A50A5}.MinSizeRel|Win32.Build.0 = MinSizeRel|Win32
		{240940BF-739D-3A2A-BB90-2909C60A50A5}.RelWithDebInfo|Win32.ActiveCfg = RelWithDebInfo|Win32
		{240940BF-739D-3A2A-BB90-2909C60A50A5}.RelWithDebInfo|Win32.Build.0 = RelWithDebInfo|Win32
		{D8688BDB-1A29-3E82-9857-4F78F5A39D82}.Debug|Win32.ActiveCfg = Debug|Win32
		{D8688BDB-1A29-3E82-9857-4F78F5A39D82}.Debug|Win32.Build.0 = Debug|Win32
		{D8688BDB-1A29-3E82-9857-4F78F5A39D82}.Release|Win32.ActiveCfg = Release|Win32
		{D8688BDB-1A29-3E82-9857-4F78F5A39D82}.Release|Win32.Build.0 = Release|Win32
		{D8688BDB-1A29-3E82-9857-4F78F5A39D82}.MinSizeRel|Win32.ActiveCfg = MinSizeRel|Win32
		{D8688BDB-1A29-3E82-9857-4F78F5A39D82}.MinSizeRel|Win32.Build.0 = MinSizeRel|Win32
		{D8688BDB-1A29-3E82-9857-4F78F5A39D82}.RelWithDebInfo|Win32.ActiveCfg = RelWithDebInfo|Win32
		{D8688BDB-1A29-3E82-9857-4F78F5A39D82}.RelWithDebInfo|Win32.Build.0 = RelWithDebInfo|Win32
		{1EE341FE-2E13-3FFC-9030-2094795DF4FC}.Debug|Win32.ActiveCfg = Debug|Win32
		{1EE341FE-2E13-3FFC-9030-2094795DF4FC}.Debug|Win32.Build.0 = Debug|Win32
		{1EE341FE-2E13-3FFC-9030-2094795DF4FC}.Release|Win32.ActiveCfg = Release|Win32
		{1EE341FE-2E13-3FFC-9030-2094795DF4FC}.Release|Win32.Build.0 = Release|Win32
		{1EE341FE-2E13-3FFC-9030-2094795DF4FC}.MinSizeRel|Win32.ActiveCfg = MinSizeRel|Win32
		{1EE341FE-2E13-3FFC-9030-2094795DF4FC}.MinSizeRel|Win32.Build.0 = MinSizeRel|Win32
		{1EE341FE-2E13-3FFC-9030-2094795DF4FC}.RelWithDebInfo|Win32.ActiveCfg = RelWithDebInfo|Win32
		{1EE341FE-2E13-3FFC-9030-2094795DF4FC}.RelWithDebInfo|Win32.Build.0 = RelWithDebInfo|Win32
		{9C81016C-9C3A-3FBA-B43B-F28837CE9552}.Debug|Win32.ActiveCfg = Debug|Win32
		{9C81016C-9C3A-3FBA-B43B-F28837CE9552}.Debug|Win32.Build.0 = Debug|Win32
		{9C81016C-9C3A-3FBA-B43B-F28837CE9552}.Release|Win32.ActiveCfg = Release|Win32
		{9C81016C-9C3A-3FBA-B43B-F28837CE9552}.Release|Win32.Build.0 = Release|Win32
		{9C81016C-9C3A-3FBA-B43B-F28837CE9552}.MinSizeRel|Win32.ActiveCfg = MinSizeRel|Win32
		{9C81016C-9C3A-3FBA-B43B-F28837CE9552}.MinSizeRel|Win32.Build.0 = MinSizeRel|Win32
		{9C81016C-9C3A-3FBA-B43B-F28837CE9552}.RelWithDebInfo|Win32.ActiveCfg = RelWithDebInfo|Win32
		{9C81016C-9C3A-3FBA-B43B-F28837CE9552}.RelWithDebInfo|Win32.Build.0 = RelWithDebInfo|Win32
		{8EE14ACE-DC00-30A8-9F93-BE8D2D1447C5}.Debug|Win32.ActiveCfg = Debug|Win32
		{8EE14ACE-DC00-30A8-9F93-BE8D2D1447C5}.Debug|Win32.Build.0 = Debug|Win32
		{8EE14ACE-DC00-30A8-9F93-BE8D2D1447C5}.Release|Win32.ActiveCfg = Release|Win32
		{8EE14ACE-DC00-30A8-9F93-BE8D2D1447C5}.Release|Win32.Build.0 = Release|Win32
		{8EE14ACE-DC00-30A8-9F93-BE8D2D1447C5}.MinSizeRel|Win32.ActiveCfg = MinSizeRel|Win32
		{8EE14ACE-DC00-30A8-9F93-BE8D2D1447C5}.MinSizeRel|Win32.Build.0 = MinSizeRel|Win32
		{8EE14ACE-DC00-30A8-9F93-BE8D2D1447C5}.RelWithDebInfo|Win32.ActiveCfg = RelWithDebInfo|Win32
		{8EE14ACE-DC00-30A8-9F93-BE8D2D1447C5}.RelWithDebInfo|Win32.Build.0 = RelWithDebInfo|Win32
		{F0D8A85D-DF8E-32A5-B9A1-B455ECF86397}.Debug|Win32.ActiveCfg = Debug|Win32
		{F0D8A85D-DF8E-32A5-B9A1-B455ECF86397}.Debug|Win32.Build.0 = Debug|Win32
		{F0D8A85D-DF8E-32A5-B9A1-B455ECF86397}.Release|Win32.ActiveCfg = Release|Win32
		{F0D8A85D-DF8E-32A5-B9A1-B455ECF86397}.Release|Win32.Build.0 = Release|Win32
		{F0D8A85D-DF8E-32A5-B9A1-B455ECF86397}.MinSizeRel|Win32.ActiveCfg = MinSizeRel|Win32
		{F0D8A85D-DF8E-32A5-B9A1-B455ECF86397}.MinSizeRel|Win32.Build.0 = MinSizeRel|Win32
		{F0D8A85D-DF8E-32A5-B9A1-B455ECF86397}.RelWithDebInfo|Win32.ActiveCfg = RelWithDebInfo|Win32
		{F0D8A85D-DF8E-32A5-B9A1-B455ECF86397}.RelWithDebInfo|Win32.Build.0 = RelWithDebInfo|Win32
		{50E684FE-990C-3457-8E7B-09F8215B7CD1}.Debug|Win32.ActiveCfg = Debug|Win32
		{50E684FE-990C-3457-8E7B-09F8215B7CD1}.Debug|Win32.Build.0 = Debug|Win32
		{50E684FE-990C-3457-8E7B-09F8215B7CD1}.Release|Win32.ActiveCfg = Release|Win32
		{50E684FE-990C-3457-8E7B-09F8215B7CD1}.Release|Win32.Build.0 = Release|Win32
		{50E684FE-990C-3457-8E7B-09F8215B7CD1}.MinSizeRel|Win32.ActiveCfg = MinSizeRel|Win32
		{50E684FE-990C-3457-8E7B-09F8215B7CD1}.MinSizeRel|Win32.Build.0 = MinSizeRel|Win32
		{50E684FE-990C-3457-8E7B-09F8215B7CD1}.RelWithDebInfo|Win32.ActiveCfg = RelWithDebInfo|Win32
		{50E684FE-990C-3457-8E7B-09F8215B7CD1}.RelWithDebInfo|Win32.Build.0 = RelWithDebInfo|Win32
		{5121B575-65AC-3881-B398-2002A28269BA}.Debug|Win32.ActiveCfg = Debug|Win32
		{5121B575-65AC-3881-B398-2002A28269BA}.Debug|Win32.Build.0 = Debug|Win32
		{5121B575-65AC-3881-B398-2002A28269BA}.Release|Win32.ActiveCfg = Release|Win32
		{5121B575-65AC-3881-B398-2002A28269BA}.Release|Win32.Build.0 = Release|Win32
		{5121B575-65AC-3881-B398-2002A28269BA}.MinSizeRel|Win32.ActiveCfg = MinSizeRel|Win32
		{5121B575-65AC-3881-B398-2002A28269BA}.MinSizeRel|Win32.Build.0 = MinSizeRel|Win32
		{5121B575-65AC-3881-B398-2002A28269BA}.RelWithDebInfo|Win32.ActiveCfg = RelWithDebInfo|Win32
		{5121B575-65AC-3881-B398-2002A28269BA}.RelWithDebInfo|Win32.Build.0 = RelWithDebInfo|Win32
		{DA7F3414-6D95-353C-A598-D79E7A036505}.Debug|Win32.ActiveCfg = Debug|Win32
		{DA7F3414-6D95-353C-A598-D79E7A036505}.Debug|Win32.Build.0 = Debug|Win32
		{DA7F3414-6D95-353C-A598-D79E7A036505}.Release|Win32.ActiveCfg = Release|Win32
		{DA7F3414-6D95-353C-A598-D79E7A036505}.Release|Win32.Build.0 = Release|Win32
		{DA7F3414-6D95-353C-A598-D79E7A036505}.MinSizeRel|Win32.ActiveCfg = MinSizeRel|Win32
		{DA7F3414-6D95-353C-A598-D79E7A036505}.MinSizeRel|Win32.Build.0 = MinSizeRel|Win32
		{DA7F3414-6D95-353C-A598-D79E7A036505}.RelWithDebInfo|Win32.ActiveCfg = RelWithDebInfo|Win32
		{DA7F3414-6D95-353C-A598-D79E7A036505}.RelWithDebInfo|Win32.Build.0 = RelWithDebInfo|Win32
		{BE37D82D-09D0-34B3-8865-AFA7E57D4948}.Debug|Win32.ActiveCfg = Debug|Win32
		{BE37D82D-09D0-34B3-8865-AFA7E57D4948}.Debug|Win32.Build.0 = Debug|Win32
		{BE37D82D-09D0-34B3-8865-AFA7E57D4948}.Release|Win32.ActiveCfg = Release|Win32
		{BE37D82D-09D0-34B3-8865-AFA7E57D4948}.Release|Win32.Build.0 = Release|Win32
		{BE37D82D-09D0-34B3-8865-AFA7E57D4948}.MinSizeRel|Win32.ActiveCfg = MinSizeRel|Win32
		{BE37D82D-09D0-34B3-8865-AFA7E57D4948}.MinSizeRel|Win32.Build.0 = MinSizeRel|Win32
		{BE37D82D-09D0-34B3-8865-AFA7E57D4948}.RelWithDebInfo|Win32.ActiveCfg = RelWithDebInfo|Win32
		{BE37D82D-09D0-34B3-8865-AFA7E57D4948}.RelWithDebInfo|Win32.Build.0 = RelWithDebInfo|Win32
		{D4B80734-4D7E-36B2-9564-E1686236BBEA}.Debug|Win32.ActiveCfg = Debug|Win32
		{D4B80734-4D7E-36B2-9564-E1686236BBEA}.Debug|Win32.Build.0 = Debug|Win32
		{D4B80734-4D7E-36B2-9564-E1686236BBEA}.Release|Win32.ActiveCfg = Release|Win32
		{D4B80734-4D7E-36B2-9564-E1686236BBEA}.Release|Win32.Build.0 = Release|Win32
		{D4B80734-4D7E-36B2-9564-E1686236BBEA}.MinSizeRel|Win32.ActiveCfg = MinSizeRel|Win32
		{D4B80734-4D7E-36B2-9564-E1686236BBEA}.MinSizeRel|Win32.Build.0 = MinSizeRel|Win32
		{D4B80734-4D7E-36B2-9564-E1686236BBEA}.RelWithDebInfo|Win32.ActiveCfg = RelWithDebInfo|Win32
		{D4B80734-4D7E-36B2-9564-E1686236BBEA}.RelWithDebInfo|Win32.Build.0 = RelWithDebInfo|Win32
		{4288FED2-27B6-32B5-8C33-ADADFC7DAEB2}.Debug|Win32.ActiveCfg = Debug|Win32
		{4288FED2-27B6-32B5-8C33-ADADFC7DAEB2}.Debug|Win32.Build.0 = Debug|Win32
		{4288FED2-27B6-32B5-8C33-ADADFC7DAEB2}.Release|Win32.ActiveCfg = Release|Win32
		{4288FED2-27B6-32B5-8C33-ADADFC7DAEB2}.Release|Win32.Build.0 = Release|Win32
		{4288FED2-27B6-32B5-8C33-ADADFC7DAEB2}.MinSizeRel|Win32.ActiveCfg = MinSizeRel|Win32
		{4288FED2-27B6-32B5-8C33-ADADFC7DAEB2}.MinSizeRel|Win32.Build.0 = MinSizeRel|Win32
		{4288FED2-27B6-32B5-8C33-ADADFC7DAEB2}.RelWithDebInfo|Win32.ActiveCfg = RelWithDebInfo|Win32
		{4288FED2-27B6-32B5-8C33-ADADFC7DAEB2}.RelWithDebInfo|Win32.Build.0 = RelWithDebInfo|Win32
		{B5242071-F3FE-39D7-8D50-0680C53202F6}.Debug|Win32.ActiveCfg = Debug|Win32
		{B5242071-F3FE-39D7-8D50-0680C53202F6}.Debug|Win32.Build.0 = Debug|Win32
		{B5242071-F3FE-39D7-8D50-0680C53202F6}.Release|Win32.ActiveCfg = Release|Win32
		{B5242071-F3FE-39D7-8D50-0680C53202F6}.Release|Win32.Build.0 = Release|Win32
		{B5242071-F3FE-39D7-8D50-0680C53202F6}.MinSizeRel|Win32.ActiveCfg = MinSizeRel|Win32
		{B5242071-F3FE-39D7-8D50-0680C53202F6}.MinSizeRel|Win32.Build.0 = MinSizeRel|Win32
		{B5242071-F3FE-39D7-8D50-0680C53202F6}.RelWithDebInfo|Win32.ActiveCfg = RelWithDebInfo|Win32
		{B5242071-F3FE-39D7-8D50-0680C53202F6}.RelWithDebInfo|Win32.Build.0 = RelWithDebInfo|Win32
		{B9980E80-4FA2-38F2-BBD5-DE45CAA82F61}.Debug|Win32.ActiveCfg = Debug|Win32
		{B9980E80-4FA2-38F2-BBD5-DE45CAA82F61}.Debug|Win32.Build.0 = Debug|Win32
		{B9980E80-4FA2-38F2-BBD5-DE45CAA82F61}.Release|Win32.ActiveCfg = Release|Win32
		{B9980E80-4FA2-38F2-BBD5-DE45CAA82F61}.Release|Win32.Build.0 = Release|Win32
		{B9980E80-4FA2-38F2-BBD5-DE45CAA82F61}.MinSizeRel|Win32.ActiveCfg = MinSizeRel|Win32
		{B9980E80-4FA2-38F2-BBD5-DE45CAA82F61}.MinSizeRel|Win32.Build.0 = MinSizeRel|Win32
		{B9980E80-4FA2-38F2-BBD5-DE45CAA82F61}.RelWithDebInfo|Win32.ActiveCfg = RelWithDebInfo|Win32
		{B9980E80-4FA2-38F2-BBD5-DE45CAA82F61}.RelWithDebInfo|Win32.Build.0 = RelWithDebInfo|Win32
		{AAF875D4-D9D1-3553-B0E7-2C735E652433}.Debug|Win32.ActiveCfg = Debug|Win32
		{AAF875D4-D9D1-3553-B0E7-2C735E652433}.Debug|Win32.Build.0 = Debug|Win32
		{AAF875D4-D9D1-3553-B0E7-2C735E652433}.Release|Win32.ActiveCfg = Release|Win32
		{AAF875D4-D9D1-3553-B0E7-2C735E652433}.Release|Win32.Build.0 = Release|Win32
		{AAF875D4-D9D1-3553-B0E7-2C735E652433}.MinSizeRel|Win32.ActiveCfg = MinSizeRel|Win32
		{AAF875D4-D9D1-3553-B0E7-2C735E652433}.MinSizeRel|Win32.Build.0 = MinSizeRel|Win32
		{AAF875D4-D9D1-3553-B0E7-2C735E652433}.RelWithDebInfo|Win32.ActiveCfg = RelWithDebInfo|Win32
		{AAF875D4-D9D1-3553-B0E7-2C735E652433}.RelWithDebInfo|Win32.Build.0 = RelWithDebInfo|Win32
		{181851CB-A1A3-35E6-AE78-F75F9B07CC2A}.Debug|Win32.ActiveCfg = Debug|Win32
		{181851CB-A1A3-35E6-AE78-F75F9B07CC2A}.Debug|Win32.Build.0 = Debug|Win32
		{181851CB-A1A3-35E6-AE78-F75F9B07CC2A}.Release|Win32.ActiveCfg = Release|Win32
		{181851CB-A1A3-35E6-AE78-F75F9B07CC2A}.Release|Win32.Build.0 = Release|Win32
		{181851CB-A1A3-35E6-AE78-F75F9B07CC2A}.MinSizeRel|Win32.ActiveCfg = MinSizeRel|Win32
		{181851CB-A1A3-35E6-AE78-F75F9B07CC2A}.MinSizeRel|Win32.Build.0 = MinSizeRel|Win32
		{181851CB-A1A3-35E6-AE78-F75F9B07CC2A}.RelWithDebInfo|Win32.ActiveCfg = RelWithDebInfo|Win32
		{181851CB-A1A3-35E6-AE78-F75F9B07CC2A}.RelWithDebInfo|Win32.Build.0 = RelWithDebInfo|Win32
		{037B75C9-3717-3513-BBED-C1B93893190E}.Debug|Win32.ActiveCfg = Debug|Win32
		{037B75C9-3717-3513-BBED-C1B93893190E}.Debug|Win32.Build.0 = Debug|Win32
		{037B75C9-3717-3513-BBED-C1B93893190E}.Release|Win32.ActiveCfg = Release|Win32
		{037B75C9-3717-3513-BBED-C1B93893190E}.Release|Win32.Build.0 = Release|Win32
		{037B75C9-3717-3513-BBED-C1B93893190E}.MinSizeRel|Win32.ActiveCfg = MinSizeRel|Win32
		{037B75C9-3717-3513-BBED-C1B93893190E}.MinSizeRel|Win32.Build.0 = MinSizeRel|Win32
		{037B75C9-3717-3513-BBED-C1B93893190E}.RelWithDebInfo|Win32.ActiveCfg = RelWithDebInfo|Win32
		{037B75C9-3717-3513-BBED-C1B93893190E}.RelWithDebInfo|Win32.Build.0 = RelWithDebInfo|Win32
		{6D203F48-1362-3686-B471-C88AA2E75D85}.Debug|Win32.ActiveCfg = Debug|Win32
		{6D203F48-1362-3686-B471-C88AA2E75D85}.Debug|Win32.Build.0 = Debug|Win32
		{6D203F48-1362-3686-B471-C88AA2E75D85}.Release|Win32.ActiveCfg = Release|Win32
		{6D203F48-1362-3686-B471-C88AA2E75D85}.Release|Win32.Build.0 = Release|Win32
		{6D203F48-1362-3686-B471-C88AA2E75D85}.MinSizeRel|Win32.ActiveCfg = MinSizeRel|Win32
		{6D203F48-1362-3686-B471-C88AA2E75D85}.MinSizeRel|Win32.Build.0 = MinSizeRel|Win32
		{6D203F48-1362-3686-B471-C88AA2E75D85}.RelWithDebInfo|Win32.ActiveCfg = RelWithDebInfo|Win32
		{6D203F48-1362-3686-B471-C88AA2E75D85}.RelWithDebInfo|Win32.Build.0 = RelWithDebInfo|Win32
		{B2AEF13A-A28A-3242-B915-1F3C78E104A4}.Debug|Win32.ActiveCfg = Debug|Win32
		{B2AEF13A-A28A-3242-B915-1F3C78E104A4}.Debug|Win32.Build.0 = Debug|Win32
		{B2AEF13A-A28A-3242-B915-1F3C78E104A4}.Release|Win32.ActiveCfg = Release|Win32
		{B2AEF13A-A28A-3242-B915-1F3C78E104A4}.Release|Win32.Build.0 = Release|Win32
		{B2AEF13A-A28A-3242-B915-1F3C78E104A4}.MinSizeRel|Win32.ActiveCfg = MinSizeRel|Win32
		{B2AEF13A-A28A-3242-B915-1F3C78E104A4}.MinSizeRel|Win32.Build.0 = MinSizeRel|Win32
		{B2AEF13A-A28A-3242-B915-1F3C78E104A4}.RelWithDebInfo|Win32.ActiveCfg = RelWithDebInfo|Win32
		{B2AEF13A-A28A-3242-B915-1F3C78E104A4}.RelWithDebInfo|Win32.Build.0 = RelWithDebInfo|Win32
		{205C4276-BDB5-3E3E-BCAC-5F167A8C81DB}.Debug|Win32.ActiveCfg = Debug|Win32
		{205C4276-BDB5-3E3E-BCAC-5F167A8C81DB}.Debug|Win32.Build.0 = Debug|Win32
		{205C4276-BDB5-3E3E-BCAC-5F167A8C81DB}.Release|Win32.ActiveCfg = Release|Win32
		{205C4276-BDB5-3E3E-BCAC-5F167A8C81DB}.Release|Win32.Build.0 = Release|Win32
		{205C4276-BDB5-3E3E-BCAC-5F167A8C81DB}.MinSizeRel|Win32.ActiveCfg = MinSizeRel|Win32
		{205C4276-BDB5-3E3E-BCAC-5F167A8C81DB}.MinSizeRel|Win32.Build.0 = MinSizeRel|Win32
		{205C4276-BDB5-3E3E-BCAC-5F167A8C81DB}.RelWithDebInfo|Win32.ActiveCfg = RelWithDebInfo|Win32
		{205C4276-BDB5-3E3E-BCAC-5F167A8C81DB}.RelWithDebInfo|Win32.Build.0 = RelWithDebInfo|Win32
		{23385CD7-7F54-3002-BA84-B95E5D7160B3}.Debug|Win32.ActiveCfg = Debug|Win32
		{23385CD7-7F54-3002-BA84-B95E5D7160B3}.Release|Win32.ActiveCfg = Release|Win32
		{23385CD7-7F54-3002-BA84-B95E5D7160B3}.MinSizeRel|Win32.ActiveCfg = MinSizeRel|Win32
		{23385CD7-7F54-3002-BA84-B95E5D7160B3}.RelWithDebInfo|Win32.ActiveCfg = RelWithDebInfo|Win32
		{862F6DC2-EF00-3BA1-89B1-8FADA0CFD360}.Debug|Win32.ActiveCfg = Debug|Win32
		{862F6DC2-EF00-3BA1-89B1-8FADA0CFD360}.Debug|Win32.Build.0 = Debug|Win32
		{862F6DC2-EF00-3BA1-89B1-8FADA0CFD360}.Release|Win32.ActiveCfg = Release|Win32
		{862F6DC2-EF00-3BA1-89B1-8FADA0CFD360}.Release|Win32.Build.0 = Release|Win32
		{862F6DC2-EF00-3BA1-89B1-8FADA0CFD360}.MinSizeRel|Win32.ActiveCfg = MinSizeRel|Win32
		{862F6DC2-EF00-3BA1-89B1-8FADA0CFD360}.MinSizeRel|Win32.Build.0 = MinSizeRel|Win32
		{862F6DC2-EF00-3BA1-89B1-8FADA0CFD360}.RelWithDebInfo|Win32.ActiveCfg = RelWithDebInfo|Win32
		{862F6DC2-EF00-3BA1-89B1-8FADA0CFD360}.RelWithDebInfo|Win32.Build.0 = RelWithDebInfo|Win32
		{7F7DF831-FB43-3620-B028-9C29A8263F7F}.Debug|Win32.ActiveCfg = Debug|Win32
		{7F7DF831-FB43-3620-B028-9C29A8263F7F}.Debug|Win32.Build.0 = Debug|Win32
		{7F7DF831-FB43-3620-B028-9C29A8263F7F}.Release|Win32.ActiveCfg = Release|Win32
		{7F7DF831-FB43-3620-B028-9C29A8263F7F}.Release|Win32.Build.0 = Release|Win32
		{7F7DF831-FB43-3620-B028-9C29A8263F7F}.MinSizeRel|Win32.ActiveCfg = MinSizeRel|Win32
		{7F7DF831-FB43-3620-B028-9C29A8263F7F}.MinSizeRel|Win32.Build.0 = MinSizeRel|Win32
		{7F7DF831-FB43-3620-B028-9C29A8263F7F}.RelWithDebInfo|Win32.ActiveCfg = RelWithDebInfo|Win32
		{7F7DF831-FB43-3620-B028-9C29A8263F7F}.RelWithDebInfo|Win32.Build.0 = RelWithDebInfo|Win32
		{84A73225-C40A-3D97-812B-2A0D51911564}.Debug|Win32.ActiveCfg = Debug|Win32
		{84A73225-C40A-3D97-812B-2A0D51911564}.Release|Win32.ActiveCfg = Release|Win32
		{84A73225-C40A-3D97-812B-2A0D51911564}.MinSizeRel|Win32.ActiveCfg = MinSizeRel|Win32
		{84A73225-C40A-3D97-812B-2A0D51911564}.RelWithDebInfo|Win32.ActiveCfg = RelWithDebInfo|Win32
		{4AD7060D-2625-3999-ABD9-DA4466BA7134}.Debug|Win32.ActiveCfg = Debug|Win32
		{4AD7060D-2625-3999-ABD9-DA4466BA7134}.Debug|Win32.Build.0 = Debug|Win32
		{4AD7060D-2625-3999-ABD9-DA4466BA7134}.Release|Win32.ActiveCfg = Release|Win32
		{4AD7060D-2625-3999-ABD9-DA4466BA7134}.Release|Win32.Build.0 = Release|Win32
		{4AD7060D-2625-3999-ABD9-DA4466BA7134}.MinSizeRel|Win32.ActiveCfg = MinSizeRel|Win32
		{4AD7060D-2625-3999-ABD9-DA4466BA7134}.MinSizeRel|Win32.Build.0 = MinSizeRel|Win32
		{4AD7060D-2625-3999-ABD9-DA4466BA7134}.RelWithDebInfo|Win32.ActiveCfg = RelWithDebInfo|Win32
		{4AD7060D-2625-3999-ABD9-DA4466BA7134}.RelWithDebInfo|Win32.Build.0 = RelWithDebInfo|Win32
		{68DC5FE1-A8A1-3067-B42D-661DE8CBEF04}.Debug|Win32.ActiveCfg = Debug|Win32
		{68DC5FE1-A8A1-3067-B42D-661DE8CBEF04}.Debug|Win32.Build.0 = Debug|Win32
		{68DC5FE1-A8A1-3067-B42D-661DE8CBEF04}.Release|Win32.ActiveCfg = Release|Win32
		{68DC5FE1-A8A1-3067-B42D-661DE8CBEF04}.Release|Win32.Build.0 = Release|Win32
		{68DC5FE1-A8A1-3067-B42D-661DE8CBEF04}.MinSizeRel|Win32.ActiveCfg = MinSizeRel|Win32
		{68DC5FE1-A8A1-3067-B42D-661DE8CBEF04}.MinSizeRel|Win32.Build.0 = MinSizeRel|Win32
		{68DC5FE1-A8A1-3067-B42D-661DE8CBEF04}.RelWithDebInfo|Win32.ActiveCfg = RelWithDebInfo|Win32
		{68DC5FE1-A8A1-3067-B42D-661DE8CBEF04}.RelWithDebInfo|Win32.Build.0 = RelWithDebInfo|Win32
		{B0D3CD04-AEA7-334B-8F9A-3BB4984CA4CF}.Debug|Win32.ActiveCfg = Debug|Win32
		{B0D3CD04-AEA7-334B-8F9A-3BB4984CA4CF}.Debug|Win32.Build.0 = Debug|Win32
		{B0D3CD04-AEA7-334B-8F9A-3BB4984CA4CF}.Release|Win32.ActiveCfg = Release|Win32
		{B0D3CD04-AEA7-334B-8F9A-3BB4984CA4CF}.Release|Win32.Build.0 = Release|Win32
		{B0D3CD04-AEA7-334B-8F9A-3BB4984CA4CF}.MinSizeRel|Win32.ActiveCfg = MinSizeRel|Win32
		{B0D3CD04-AEA7-334B-8F9A-3BB4984CA4CF}.MinSizeRel|Win32.Build.0 = MinSizeRel|Win32
		{B0D3CD04-AEA7-334B-8F9A-3BB4984CA4CF}.RelWithDebInfo|Win32.ActiveCfg = RelWithDebInfo|Win32
		{B0D3CD04-AEA7-334B-8F9A-3BB4984CA4CF}.RelWithDebInfo|Win32.Build.0 = RelWithDebInfo|Win32
		{0ACDDB39-5371-3ADF-BEE3-B2046C9FF410}.Debug|Win32.ActiveCfg = Debug|Win32
		{0ACDDB39-5371-3ADF-BEE3-B2046C9FF410}.Debug|Win32.Build.0 = Debug|Win32
		{0ACDDB39-5371-3ADF-BEE3-B2046C9FF410}.Release|Win32.ActiveCfg = Release|Win32
		{0ACDDB39-5371-3ADF-BEE3-B2046C9FF410}.Release|Win32.Build.0 = Release|Win32
		{0ACDDB39-5371-3ADF-BEE3-B2046C9FF410}.MinSizeRel|Win32.ActiveCfg = MinSizeRel|Win32
		{0ACDDB39-5371-3ADF-BEE3-B2046C9FF410}.MinSizeRel|Win32.Build.0 = MinSizeRel|Win32
		{0ACDDB39-5371-3ADF-BEE3-B2046C9FF410}.RelWithDebInfo|Win32.ActiveCfg = RelWithDebInfo|Win32
		{0ACDDB39-5371-3ADF-BEE3-B2046C9FF410}.RelWithDebInfo|Win32.Build.0 = RelWithDebInfo|Win32
		{A64C5966-E4A2-3A6A-A3A3-B26B2064FB4B}.Debug|Win32.ActiveCfg = Debug|Win32
		{A64C5966-E4A2-3A6A-A3A3-B26B2064FB4B}.Debug|Win32.Build.0 = Debug|Win32
		{A64C5966-E4A2-3A6A-A3A3-B26B2064FB4B}.Release|Win32.ActiveCfg = Release|Win32
		{A64C5966-E4A2-3A6A-A3A3-B26B2064FB4B}.Release|Win32.Build.0 = Release|Win32
		{A64C5966-E4A2-3A6A-A3A3-B26B2064FB4B}.MinSizeRel|Win32.ActiveCfg = MinSizeRel|Win32
		{A64C5966-E4A2-3A6A-A3A3-B26B2064FB4B}.MinSizeRel|Win32.Build.0 = MinSizeRel|Win32
		{A64C5966-E4A2-3A6A-A3A3-B26B2064FB4B}.RelWithDebInfo|Win32.ActiveCfg = RelWithDebInfo|Win32
		{A64C5966-E4A2-3A6A-A3A3-B26B2064FB4B}.RelWithDebInfo|Win32.Build.0 = RelWithDebInfo|Win32
		{67B22B3B-FD46-3E6A-AF61-7E36922F94DC}.Debug|Win32.ActiveCfg = Debug|Win32
		{67B22B3B-FD46-3E6A-AF61-7E36922F94DC}.Debug|Win32.Build.0 = Debug|Win32
		{67B22B3B-FD46-3E6A-AF61-7E36922F94DC}.Release|Win32.ActiveCfg = Release|Win32
		{67B22B3B-FD46-3E6A-AF61-7E36922F94DC}.Release|Win32.Build.0 = Release|Win32
		{67B22B3B-FD46-3E6A-AF61-7E36922F94DC}.MinSizeRel|Win32.ActiveCfg = MinSizeRel|Win32
		{67B22B3B-FD46-3E6A-AF61-7E36922F94DC}.MinSizeRel|Win32.Build.0 = MinSizeRel|Win32
		{67B22B3B-FD46-3E6A-AF61-7E36922F94DC}.RelWithDebInfo|Win32.ActiveCfg = RelWithDebInfo|Win32
		{67B22B3B-FD46-3E6A-AF61-7E36922F94DC}.RelWithDebInfo|Win32.Build.0 = RelWithDebInfo|Win32
		{E5E5A4F1-4474-3900-8025-6AEAB7E348BD}.Debug|Win32.ActiveCfg = Debug|Win32
		{E5E5A4F1-4474-3900-8025-6AEAB7E348BD}.Debug|Win32.Build.0 = Debug|Win32
		{E5E5A4F1-4474-3900-8025-6AEAB7E348BD}.Release|Win32.ActiveCfg = Release|Win32
		{E5E5A4F1-4474-3900-8025-6AEAB7E348BD}.Release|Win32.Build.0 = Release|Win32
		{E5E5A4F1-4474-3900-8025-6AEAB7E348BD}.MinSizeRel|Win32.ActiveCfg = MinSizeRel|Win32
		{E5E5A4F1-4474-3900-8025-6AEAB7E348BD}.MinSizeRel|Win32.Build.0 = MinSizeRel|Win32
		{E5E5A4F1-4474-3900-8025-6AEAB7E348BD}.RelWithDebInfo|Win32.ActiveCfg = RelWithDebInfo|Win32
		{E5E5A4F1-4474-3900-8025-6AEAB7E348BD}.RelWithDebInfo|Win32.Build.0 = RelWithDebInfo|Win32
		{D2157AEF-34A7-355C-AE56-2329151526C7}.Debug|Win32.ActiveCfg = Debug|Win32
		{D2157AEF-34A7-355C-AE56-2329151526C7}.Debug|Win32.Build.0 = Debug|Win32
		{D2157AEF-34A7-355C-AE56-2329151526C7}.Release|Win32.ActiveCfg = Release|Win32
		{D2157AEF-34A7-355C-AE56-2329151526C7}.Release|Win32.Build.0 = Release|Win32
		{D2157AEF-34A7-355C-AE56-2329151526C7}.MinSizeRel|Win32.ActiveCfg = MinSizeRel|Win32
		{D2157AEF-34A7-355C-AE56-2329151526C7}.MinSizeRel|Win32.Build.0 = MinSizeRel|Win32
		{D2157AEF-34A7-355C-AE56-2329151526C7}.RelWithDebInfo|Win32.ActiveCfg = RelWithDebInfo|Win32
		{D2157AEF-34A7-355C-AE56-2329151526C7}.RelWithDebInfo|Win32.Build.0 = RelWithDebInfo|Win32
		{37F7DC57-93F7-37D3-8A23-508DFAB7D25C}.Debug|Win32.ActiveCfg = Debug|Win32
		{37F7DC57-93F7-37D3-8A23-508DFAB7D25C}.Debug|Win32.Build.0 = Debug|Win32
		{37F7DC57-93F7-37D3-8A23-508DFAB7D25C}.Release|Win32.ActiveCfg = Release|Win32
		{37F7DC57-93F7-37D3-8A23-508DFAB7D25C}.Release|Win32.Build.0 = Release|Win32
		{37F7DC57-93F7-37D3-8A23-508DFAB7D25C}.MinSizeRel|Win32.ActiveCfg = MinSizeRel|Win32
		{37F7DC57-93F7-37D3-8A23-508DFAB7D25C}.MinSizeRel|Win32.Build.0 = MinSizeRel|Win32
		{37F7DC57-93F7-37D3-8A23-508DFAB7D25C}.RelWithDebInfo|Win32.ActiveCfg = RelWithDebInfo|Win32
		{37F7DC57-93F7-37D3-8A23-508DFAB7D25C}.RelWithDebInfo|Win32.Build.0 = RelWithDebInfo|Win32
	EndGlobalSection
	GlobalSection(ExtensibilityGlobals) = postSolution
	EndGlobalSection
	GlobalSection(ExtensibilityAddIns) = postSolution
	EndGlobalSection
EndGlobal
