<?xml version="1.0" encoding="UTF-8"?>
<Project ToolsVersion="15.0" xmlns="http://schemas.microsoft.com/developer/msbuild/2003">
  <ItemGroup>
    <ClCompile Include="C:\Users\Nick\Desktop\bullet3-2.86.1\examples\HelloWorld\HelloWorld.cpp">
      <Filter>Source Files</Filter>
    </ClCompile>
  </ItemGroup>
  <ItemGroup>
    <CustomBuild Include="C:\Users\Nick\Desktop\bullet3-2.86.1\examples\HelloWorld\CMakeLists.txt" />
  </ItemGroup>
  <ItemGroup>
    <ResourceCompile Include="C:\Users\Nick\Desktop\bullet3-2.86.1\build3\bullet.rc">
      <Filter>Source Files</Filter>
    </ResourceCompile>
  </ItemGroup>
  <ItemGroup>
    <Filter Include="Source Files">
      <UniqueIdentifier>{F0345E6F-3204-397B-8DA6-A7FBEDC2B6AD}</UniqueIdentifier>
    </Filter>
  </ItemGroup>
</Project>
