<?xml version="1.0" encoding="UTF-8"?>
<Project ToolsVersion="15.0" xmlns="http://schemas.microsoft.com/developer/msbuild/2003">
  <ItemGroup>
    <CustomBuild Include="C:\Users\Nick\Desktop\tutorial\build\CMakeFiles\a313ba3e3aa83df0cca7e6fe0f86263f\INSTALL_force.rule">
      <Filter>CMake Rules</Filter>
    </CustomBuild>
  </ItemGroup>
  <ItemGroup>
    <Filter Include="CMake Rules">
      <UniqueIdentifier>{E09F2C1D-8243-3D64-874A-43A820620567}</UniqueIdentifier>
    </Filter>
  </ItemGroup>
</Project>
